
Microsoft Visual Studio Solution File, Format Version 12.00
# Visual Studio Version 17
VisualStudioVersion = 17.10.35004.147
MinimumVisualStudioVersion = 10.0.40219.1
Project("{9A19103F-16F7-4668-BE54-9A1E7A4F7556}") = "OrbitDataShark", "OrbitDataShark\OrbitDataShark.csproj", "{EBE4B5AA-F027-4ECC-990F-B2B86E32D709}"
EndProject
Project("{9A19103F-16F7-4668-BE54-9A1E7A4F7556}") = "OrbitDataShark.Desktop", "OrbitDataShark.Desktop\OrbitDataShark.Desktop.csproj", "{4135531A-288A-4B5F-AD7C-14AA67B2BE81}"
EndProject
Project("{9A19103F-16F7-4668-BE54-9A1E7A4F7556}") = "OrbitDataShark.Core.Test", "OrbitDataShark.Core.Test\OrbitDataShark.Core.Test.csproj", "{A29118AC-608C-49C1-9704-830C2F0B776D}"
EndProject
Project("{9A19103F-16F7-4668-BE54-9A1E7A4F7556}") = "OrbitDataShark.Storage", "OrbitDataShark.Storage\OrbitDataShark.Storage.csproj", "{E3EF3238-5329-41AA-B6DC-EC7B9FF5585B}"
EndProject
Project("{9A19103F-16F7-4668-BE54-9A1E7A4F7556}") = "OrbitDataShark.DataGen", "OrbitDataShark.DataGen\OrbitDataShark.DataGen.csproj", "{4E3CA5DF-9DB4-423E-B762-50F434200FA3}"
EndProject
Project("{9A19103F-16F7-4668-BE54-9A1E7A4F7556}") = "OrbitDataShark.Project", "OrbitDataShark.Project\OrbitDataShark.Project.csproj", "{DDB7B932-9B17-4932-BCC3-AA7AE89975A1}"
EndProject
Project("{9A19103F-16F7-4668-BE54-9A1E7A4F7556}") = "OrbitDataShark.Data", "OrbitDataShark.Data\OrbitDataShark.Data.csproj", "{0B515D39-1ED9-4A76-8303-E02D1290A735}"
EndProject
Project("{2150E333-8FDC-42A3-9474-1A3956D46DE8}") = "Tests", "Tests", "{82E79092-71E0-4EFC-8D5C-392E8CD867BA}"
EndProject
Project("{2150E333-8FDC-42A3-9474-1A3956D46DE8}") = "Src", "Src", "{4BA0B8C2-35AF-4ACC-BA07-02DC0F1A095E}"
EndProject
Project("{9A19103F-16F7-4668-BE54-9A1E7A4F7556}") = "OrbitDataShark.Plugin", "OrbitDataShark.Plugin\OrbitDataShark.Plugin.csproj", "{5AAF07FE-978D-49C3-9B83-D59E964D9364}"
EndProject
Project("{FAE04EC0-301F-11D3-BF4B-00C04F79EFBC}") = "OrbitDataShark.Module.Base", "OrbitDataShark.Module.Base\OrbitDataShark.Module.Base.csproj", "{DAAFCEF3-8DB2-4538-A0CC-B2A3785C3F86}"
EndProject
Global
	GlobalSection(SolutionConfigurationPlatforms) = preSolution
		Debug|Any CPU = Debug|Any CPU
		Release|Any CPU = Release|Any CPU
	EndGlobalSection
	GlobalSection(ProjectConfigurationPlatforms) = postSolution
		{EBE4B5AA-F027-4ECC-990F-B2B86E32D709}.Debug|Any CPU.ActiveCfg = Debug|Any CPU
		{EBE4B5AA-F027-4ECC-990F-B2B86E32D709}.Debug|Any CPU.Build.0 = Debug|Any CPU
		{EBE4B5AA-F027-4ECC-990F-B2B86E32D709}.Release|Any CPU.ActiveCfg = Release|Any CPU
		{EBE4B5AA-F027-4ECC-990F-B2B86E32D709}.Release|Any CPU.Build.0 = Release|Any CPU
		{4135531A-288A-4B5F-AD7C-14AA67B2BE81}.Debug|Any CPU.ActiveCfg = Debug|Any CPU
		{4135531A-288A-4B5F-AD7C-14AA67B2BE81}.Debug|Any CPU.Build.0 = Debug|Any CPU
		{4135531A-288A-4B5F-AD7C-14AA67B2BE81}.Release|Any CPU.ActiveCfg = Release|Any CPU
		{4135531A-288A-4B5F-AD7C-14AA67B2BE81}.Release|Any CPU.Build.0 = Release|Any CPU
		{A29118AC-608C-49C1-9704-830C2F0B776D}.Debug|Any CPU.ActiveCfg = Debug|Any CPU
		{A29118AC-608C-49C1-9704-830C2F0B776D}.Debug|Any CPU.Build.0 = Debug|Any CPU
		{A29118AC-608C-49C1-9704-830C2F0B776D}.Release|Any CPU.ActiveCfg = Release|Any CPU
		{A29118AC-608C-49C1-9704-830C2F0B776D}.Release|Any CPU.Build.0 = Release|Any CPU
		{E3EF3238-5329-41AA-B6DC-EC7B9FF5585B}.Debug|Any CPU.ActiveCfg = Debug|Any CPU
		{E3EF3238-5329-41AA-B6DC-EC7B9FF5585B}.Debug|Any CPU.Build.0 = Debug|Any CPU
		{E3EF3238-5329-41AA-B6DC-EC7B9FF5585B}.Release|Any CPU.ActiveCfg = Release|Any CPU
		{E3EF3238-5329-41AA-B6DC-EC7B9FF5585B}.Release|Any CPU.Build.0 = Release|Any CPU
		{4E3CA5DF-9DB4-423E-B762-50F434200FA3}.Debug|Any CPU.ActiveCfg = Debug|Any CPU
		{4E3CA5DF-9DB4-423E-B762-50F434200FA3}.Debug|Any CPU.Build.0 = Debug|Any CPU
		{4E3CA5DF-9DB4-423E-B762-50F434200FA3}.Release|Any CPU.ActiveCfg = Release|Any CPU
		{4E3CA5DF-9DB4-423E-B762-50F434200FA3}.Release|Any CPU.Build.0 = Release|Any CPU
		{DDB7B932-9B17-4932-BCC3-AA7AE89975A1}.Debug|Any CPU.ActiveCfg = Debug|Any CPU
		{DDB7B932-9B17-4932-BCC3-AA7AE89975A1}.Debug|Any CPU.Build.0 = Debug|Any CPU
		{DDB7B932-9B17-4932-BCC3-AA7AE89975A1}.Release|Any CPU.ActiveCfg = Release|Any CPU
		{DDB7B932-9B17-4932-BCC3-AA7AE89975A1}.Release|Any CPU.Build.0 = Release|Any CPU
		{0B515D39-1ED9-4A76-8303-E02D1290A735}.Debug|Any CPU.ActiveCfg = Debug|Any CPU
		{0B515D39-1ED9-4A76-8303-E02D1290A735}.Debug|Any CPU.Build.0 = Debug|Any CPU
		{0B515D39-1ED9-4A76-8303-E02D1290A735}.Release|Any CPU.ActiveCfg = Release|Any CPU
		{0B515D39-1ED9-4A76-8303-E02D1290A735}.Release|Any CPU.Build.0 = Release|Any CPU
		{5AAF07FE-978D-49C3-9B83-D59E964D9364}.Debug|Any CPU.ActiveCfg = Debug|Any CPU
		{5AAF07FE-978D-49C3-9B83-D59E964D9364}.Debug|Any CPU.Build.0 = Debug|Any CPU
		{5AAF07FE-978D-49C3-9B83-D59E964D9364}.Release|Any CPU.ActiveCfg = Release|Any CPU
		{5AAF07FE-978D-49C3-9B83-D59E964D9364}.Release|Any CPU.Build.0 = Release|Any CPU
		{DAAFCEF3-8DB2-4538-A0CC-B2A3785C3F86}.Debug|Any CPU.ActiveCfg = Debug|Any CPU
		{DAAFCEF3-8DB2-4538-A0CC-B2A3785C3F86}.Debug|Any CPU.Build.0 = Debug|Any CPU
		{DAAFCEF3-8DB2-4538-A0CC-B2A3785C3F86}.Release|Any CPU.ActiveCfg = Release|Any CPU
		{DAAFCEF3-8DB2-4538-A0CC-B2A3785C3F86}.Release|Any CPU.Build.0 = Release|Any CPU
	EndGlobalSection
	GlobalSection(SolutionProperties) = preSolution
		HideSolutionNode = FALSE
	EndGlobalSection
	GlobalSection(NestedProjects) = preSolution
		{EBE4B5AA-F027-4ECC-990F-B2B86E32D709} = {4BA0B8C2-35AF-4ACC-BA07-02DC0F1A095E}
		{4135531A-288A-4B5F-AD7C-14AA67B2BE81} = {4BA0B8C2-35AF-4ACC-BA07-02DC0F1A095E}
		{A29118AC-608C-49C1-9704-830C2F0B776D} = {82E79092-71E0-4EFC-8D5C-392E8CD867BA}
		{E3EF3238-5329-41AA-B6DC-EC7B9FF5585B} = {4BA0B8C2-35AF-4ACC-BA07-02DC0F1A095E}
		{4E3CA5DF-9DB4-423E-B762-50F434200FA3} = {4BA0B8C2-35AF-4ACC-BA07-02DC0F1A095E}
		{DDB7B932-9B17-4932-BCC3-AA7AE89975A1} = {4BA0B8C2-35AF-4ACC-BA07-02DC0F1A095E}
		{0B515D39-1ED9-4A76-8303-E02D1290A735} = {4BA0B8C2-35AF-4ACC-BA07-02DC0F1A095E}
		{5AAF07FE-978D-49C3-9B83-D59E964D9364} = {4BA0B8C2-35AF-4ACC-BA07-02DC0F1A095E}
		{DAAFCEF3-8DB2-4538-A0CC-B2A3785C3F86} = {4BA0B8C2-35AF-4ACC-BA07-02DC0F1A095E}
	EndGlobalSection
	GlobalSection(ExtensibilityGlobals) = postSolution
		SolutionGuid = {80DFD157-90D3-436C-97C9-E6A762853B0D}
	EndGlobalSection
EndGlobal
