
Microsoft Visual Studio Solution File, Format Version 12.00
# Visual Studio Version 17
VisualStudioVersion = 17.10.35004.147
MinimumVisualStudioVersion = 10.0.40219.1
Project("{9A19103F-16F7-4668-BE54-9A1E7A4F7556}") = "OrbitDataShark", "OrbitDataShark\OrbitDataShark.csproj", "{EBE4B5AA-F027-4ECC-990F-B2B86E32D709}"
EndProject
Project("{9A19103F-16F7-4668-BE54-9A1E7A4F7556}") = "OrbitDataShark.Desktop", "OrbitDataShark.Desktop\OrbitDataShark.Desktop.csproj", "{4135531A-288A-4B5F-AD7C-14AA67B2BE81}"
EndProject
Project("{9A19103F-16F7-4668-BE54-9A1E7A4F7556}") = "OrbitDataShark.Core", "OrbitDataShark.Core\OrbitDataShark.Core.csproj", "{D1C2B682-AC30-4A83-9D80-2EC33C577D39}"
EndProject
Project("{9A19103F-16F7-4668-BE54-9A1E7A4F7556}") = "TestApp", "TestApp\TestApp.csproj", "{5E62A0C9-F0B7-4CE0-BFAE-A4EF1A154786}"
EndProject
Project("{9A19103F-16F7-4668-BE54-9A1E7A4F7556}") = "OrbitDataShark.PDK", "OrbitDataShark.PDK\OrbitDataShark.PDK.csproj", "{ED7C16AB-AACE-435B-B0F0-9A343666484D}"
EndProject
Project("{FAE04EC0-301F-11D3-BF4B-00C04F79EFBC}") = "OrbitDataShark.Core.Test", "OrbitDataShark.Core.Test\OrbitDataShark.Core.Test.csproj", "{A29118AC-608C-49C1-9704-830C2F0B776D}"
EndProject
Global
	GlobalSection(SolutionConfigurationPlatforms) = preSolution
		Debug|Any CPU = Debug|Any CPU
		Release|Any CPU = Release|Any CPU
	EndGlobalSection
	GlobalSection(ProjectConfigurationPlatforms) = postSolution
		{EBE4B5AA-F027-4ECC-990F-B2B86E32D709}.Debug|Any CPU.ActiveCfg = Debug|Any CPU
		{EBE4B5AA-F027-4ECC-990F-B2B86E32D709}.Debug|Any CPU.Build.0 = Debug|Any CPU
		{EBE4B5AA-F027-4ECC-990F-B2B86E32D709}.Release|Any CPU.ActiveCfg = Release|Any CPU
		{EBE4B5AA-F027-4ECC-990F-B2B86E32D709}.Release|Any CPU.Build.0 = Release|Any CPU
		{4135531A-288A-4B5F-AD7C-14AA67B2BE81}.Debug|Any CPU.ActiveCfg = Debug|Any CPU
		{4135531A-288A-4B5F-AD7C-14AA67B2BE81}.Debug|Any CPU.Build.0 = Debug|Any CPU
		{4135531A-288A-4B5F-AD7C-14AA67B2BE81}.Release|Any CPU.ActiveCfg = Release|Any CPU
		{4135531A-288A-4B5F-AD7C-14AA67B2BE81}.Release|Any CPU.Build.0 = Release|Any CPU
		{D1C2B682-AC30-4A83-9D80-2EC33C577D39}.Debug|Any CPU.ActiveCfg = Debug|Any CPU
		{D1C2B682-AC30-4A83-9D80-2EC33C577D39}.Debug|Any CPU.Build.0 = Debug|Any CPU
		{D1C2B682-AC30-4A83-9D80-2EC33C577D39}.Release|Any CPU.ActiveCfg = Release|Any CPU
		{D1C2B682-AC30-4A83-9D80-2EC33C577D39}.Release|Any CPU.Build.0 = Release|Any CPU
		{5E62A0C9-F0B7-4CE0-BFAE-A4EF1A154786}.Debug|Any CPU.ActiveCfg = Debug|Any CPU
		{5E62A0C9-F0B7-4CE0-BFAE-A4EF1A154786}.Debug|Any CPU.Build.0 = Debug|Any CPU
		{5E62A0C9-F0B7-4CE0-BFAE-A4EF1A154786}.Release|Any CPU.ActiveCfg = Release|Any CPU
		{5E62A0C9-F0B7-4CE0-BFAE-A4EF1A154786}.Release|Any CPU.Build.0 = Release|Any CPU
		{ED7C16AB-AACE-435B-B0F0-9A343666484D}.Debug|Any CPU.ActiveCfg = Debug|Any CPU
		{ED7C16AB-AACE-435B-B0F0-9A343666484D}.Debug|Any CPU.Build.0 = Debug|Any CPU
		{ED7C16AB-AACE-435B-B0F0-9A343666484D}.Release|Any CPU.ActiveCfg = Release|Any CPU
		{ED7C16AB-AACE-435B-B0F0-9A343666484D}.Release|Any CPU.Build.0 = Release|Any CPU
		{A29118AC-608C-49C1-9704-830C2F0B776D}.Debug|Any CPU.ActiveCfg = Debug|Any CPU
		{A29118AC-608C-49C1-9704-830C2F0B776D}.Debug|Any CPU.Build.0 = Debug|Any CPU
		{A29118AC-608C-49C1-9704-830C2F0B776D}.Release|Any CPU.ActiveCfg = Release|Any CPU
		{A29118AC-608C-49C1-9704-830C2F0B776D}.Release|Any CPU.Build.0 = Release|Any CPU
	EndGlobalSection
	GlobalSection(SolutionProperties) = preSolution
		HideSolutionNode = FALSE
	EndGlobalSection
	GlobalSection(ExtensibilityGlobals) = postSolution
		SolutionGuid = {80DFD157-90D3-436C-97C9-E6A762853B0D}
	EndGlobalSection
EndGlobal
